
Microsoft Visual Studio Solution File, Format Version 12.00
# Visual Studio Version 17
VisualStudioVersion = 17.1.32104.313
MinimumVisualStudioVersion = 10.0.40219.1
Project("{FAE04EC0-301F-11D3-BF4B-00C04F79EFBC}") = "DieRoller", "DieRoller\DieRoller.csproj", "{2EA15AA7-A488-4D34-8119-AD6D83CF02FE}"
EndProject
Global
	GlobalSection(SolutionConfigurationPlatforms) = preSolution
		Debug|Any CPU = Debug|Any CPU
		Release|Any CPU = Release|Any CPU
	EndGlobalSection
	GlobalSection(ProjectConfigurationPlatforms) = postSolution
		{2EA15AA7-A488-4D34-8119-AD6D83CF02FE}.Debug|Any CPU.ActiveCfg = Debug|Any CPU
		{2EA15AA7-A488-4D34-8119-AD6D83CF02FE}.Debug|Any CPU.Build.0 = Debug|Any CPU
		{2EA15AA7-A488-4D34-8119-AD6D83CF02FE}.Release|Any CPU.ActiveCfg = Release|Any CPU
		{2EA15AA7-A488-4D34-8119-AD6D83CF02FE}.Release|Any CPU.Build.0 = Release|Any CPU
	EndGlobalSection
	GlobalSection(SolutionProperties) = preSolution
		HideSolutionNode = FALSE
	EndGlobalSection
	GlobalSection(ExtensibilityGlobals) = postSolution
		SolutionGuid = {371AF97D-AB8B-4B8C-93D5-C91F612D5C65}
	EndGlobalSection
EndGlobal
